
Microsoft Visual Studio Solution File, Format Version 12.00
# Visual Studio 14
VisualStudioVersion = 14.0.23107.0
MinimumVisualStudioVersion = 10.0.40219.1
Project("{FAE04EC0-301F-11D3-BF4B-00C04F79EFBC}") = "Model", "Model\Model.csproj", "{DA6E5C7F-B2B9-4713-B01A-63C63C310436}"
EndProject
Project("{FAE04EC0-301F-11D3-BF4B-00C04F79EFBC}") = "CodeFirstModelFromDB", "CodeFirstModelFromDB\CodeFirstModelFromDB.csproj", "{B9CEA90B-0A6C-4EAC-A332-096B27708A1E}"
EndProject
Project("{FAE04EC0-301F-11D3-BF4B-00C04F79EFBC}") = "AuthorizationServer", "AuthorizationServer\AuthorizationServer.csproj", "{B966637C-4F48-484B-87C3-EFE05709A906}"
EndProject
Project("{FAE04EC0-301F-11D3-BF4B-00C04F79EFBC}") = "ResourceServer", "ResourceServer\ResourceServer.csproj", "{AD617309-3870-41F4-9D44-A5E171D7E878}"
EndProject
Project("{8BB2217D-0F2D-49D1-97BC-3654ED321F3B}") = "WebApplication1", "WebApplication1\WebApplication1.xproj", "{7E58BD76-3C6C-4D5C-B6B2-56C395003225}"
EndProject
Global
	GlobalSection(SolutionConfigurationPlatforms) = preSolution
		Debug|Any CPU = Debug|Any CPU
		Release|Any CPU = Release|Any CPU
	EndGlobalSection
	GlobalSection(ProjectConfigurationPlatforms) = postSolution
		{DA6E5C7F-B2B9-4713-B01A-63C63C310436}.Debug|Any CPU.ActiveCfg = Debug|Any CPU
		{DA6E5C7F-B2B9-4713-B01A-63C63C310436}.Debug|Any CPU.Build.0 = Debug|Any CPU
		{DA6E5C7F-B2B9-4713-B01A-63C63C310436}.Release|Any CPU.ActiveCfg = Release|Any CPU
		{DA6E5C7F-B2B9-4713-B01A-63C63C310436}.Release|Any CPU.Build.0 = Release|Any CPU
		{B9CEA90B-0A6C-4EAC-A332-096B27708A1E}.Debug|Any CPU.ActiveCfg = Debug|Any CPU
		{B9CEA90B-0A6C-4EAC-A332-096B27708A1E}.Debug|Any CPU.Build.0 = Debug|Any CPU
		{B9CEA90B-0A6C-4EAC-A332-096B27708A1E}.Release|Any CPU.ActiveCfg = Release|Any CPU
		{B9CEA90B-0A6C-4EAC-A332-096B27708A1E}.Release|Any CPU.Build.0 = Release|Any CPU
		{B966637C-4F48-484B-87C3-EFE05709A906}.Debug|Any CPU.ActiveCfg = Debug|Any CPU
		{B966637C-4F48-484B-87C3-EFE05709A906}.Debug|Any CPU.Build.0 = Debug|Any CPU
		{B966637C-4F48-484B-87C3-EFE05709A906}.Release|Any CPU.ActiveCfg = Release|Any CPU
		{B966637C-4F48-484B-87C3-EFE05709A906}.Release|Any CPU.Build.0 = Release|Any CPU
		{AD617309-3870-41F4-9D44-A5E171D7E878}.Debug|Any CPU.ActiveCfg = Debug|Any CPU
		{AD617309-3870-41F4-9D44-A5E171D7E878}.Debug|Any CPU.Build.0 = Debug|Any CPU
		{AD617309-3870-41F4-9D44-A5E171D7E878}.Release|Any CPU.ActiveCfg = Release|Any CPU
		{AD617309-3870-41F4-9D44-A5E171D7E878}.Release|Any CPU.Build.0 = Release|Any CPU
		{7E58BD76-3C6C-4D5C-B6B2-56C395003225}.Debug|Any CPU.ActiveCfg = Debug|Any CPU
		{7E58BD76-3C6C-4D5C-B6B2-56C395003225}.Debug|Any CPU.Build.0 = Debug|Any CPU
		{7E58BD76-3C6C-4D5C-B6B2-56C395003225}.Release|Any CPU.ActiveCfg = Release|Any CPU
		{7E58BD76-3C6C-4D5C-B6B2-56C395003225}.Release|Any CPU.Build.0 = Release|Any CPU
	EndGlobalSection
	GlobalSection(SolutionProperties) = preSolution
		HideSolutionNode = FALSE
	EndGlobalSection
EndGlobal
